
Microsoft Visual Studio Solution File, Format Version 12.00
# Visual Studio Version 17
VisualStudioVersion = 17.4.33205.214
MinimumVisualStudioVersion = 10.0.40219.1
Project("{9A19103F-16F7-4668-BE54-9A1E7A4F7556}") = "ListAsset.ServerApp", "ListAsset.ServerApp\ListAsset.ServerApp.csproj", "{F27B9EAE-8A7D-44B3-90C9-CEE9246D6443}"
EndProject
Project("{9A19103F-16F7-4668-BE54-9A1E7A4F7556}") = "ListAsset.DataAccess", "ListAsset.DataAccess\ListAsset.DataAccess.csproj", "{9D7D6FA7-2ABB-46DC-87DF-23FA1C038572}"
EndProject
Project("{9A19103F-16F7-4668-BE54-9A1E7A4F7556}") = "ListAsset.BusinessAccess", "ListAsset.BusinessAccess\ListAsset.BusinessAccess.csproj", "{3AB2987B-1E0B-4A08-A637-023D4851F770}"
EndProject
Global
	GlobalSection(SolutionConfigurationPlatforms) = preSolution
		Debug|Any CPU = Debug|Any CPU
		Release|Any CPU = Release|Any CPU
	EndGlobalSection
	GlobalSection(ProjectConfigurationPlatforms) = postSolution
		{F27B9EAE-8A7D-44B3-90C9-CEE9246D6443}.Debug|Any CPU.ActiveCfg = Debug|Any CPU
		{F27B9EAE-8A7D-44B3-90C9-CEE9246D6443}.Debug|Any CPU.Build.0 = Debug|Any CPU
		{F27B9EAE-8A7D-44B3-90C9-CEE9246D6443}.Release|Any CPU.ActiveCfg = Release|Any CPU
		{F27B9EAE-8A7D-44B3-90C9-CEE9246D6443}.Release|Any CPU.Build.0 = Release|Any CPU
		{9D7D6FA7-2ABB-46DC-87DF-23FA1C038572}.Debug|Any CPU.ActiveCfg = Debug|Any CPU
		{9D7D6FA7-2ABB-46DC-87DF-23FA1C038572}.Debug|Any CPU.Build.0 = Debug|Any CPU
		{9D7D6FA7-2ABB-46DC-87DF-23FA1C038572}.Release|Any CPU.ActiveCfg = Release|Any CPU
		{9D7D6FA7-2ABB-46DC-87DF-23FA1C038572}.Release|Any CPU.Build.0 = Release|Any CPU
		{3AB2987B-1E0B-4A08-A637-023D4851F770}.Debug|Any CPU.ActiveCfg = Debug|Any CPU
		{3AB2987B-1E0B-4A08-A637-023D4851F770}.Debug|Any CPU.Build.0 = Debug|Any CPU
		{3AB2987B-1E0B-4A08-A637-023D4851F770}.Release|Any CPU.ActiveCfg = Release|Any CPU
		{3AB2987B-1E0B-4A08-A637-023D4851F770}.Release|Any CPU.Build.0 = Release|Any CPU
	EndGlobalSection
	GlobalSection(SolutionProperties) = preSolution
		HideSolutionNode = FALSE
	EndGlobalSection
	GlobalSection(ExtensibilityGlobals) = postSolution
		SolutionGuid = {31011A59-F9BF-4050-B095-68800680148E}
	EndGlobalSection
EndGlobal
